
Microsoft Visual Studio Solution File, Format Version 12.00
# Visual Studio 2017
Project("{FAE04EC0-301F-11D3-BF4B-00C04F79EFBC}") = "VR-Entry", "VR-Entry.csproj", "{DFFFCBD9-8A5C-7DD1-E57D-3F513A849AC5}"
EndProject
Project("{FAE04EC0-301F-11D3-BF4B-00C04F79EFBC}") = "VR-Entry.Editor", "VR-Entry.Editor.csproj", "{C7B13E05-436B-D4F7-094F-85D8ACF926FD}"
EndProject
Global
	GlobalSection(SolutionConfigurationPlatforms) = preSolution
		Debug|Any CPU = Debug|Any CPU
		Release|Any CPU = Release|Any CPU
	EndGlobalSection
	GlobalSection(ProjectConfigurationPlatforms) = postSolution
		{DFFFCBD9-8A5C-7DD1-E57D-3F513A849AC5}.Debug|Any CPU.ActiveCfg = Debug|Any CPU
		{DFFFCBD9-8A5C-7DD1-E57D-3F513A849AC5}.Debug|Any CPU.Build.0 = Debug|Any CPU
		{DFFFCBD9-8A5C-7DD1-E57D-3F513A849AC5}.Release|Any CPU.ActiveCfg = Release|Any CPU
		{DFFFCBD9-8A5C-7DD1-E57D-3F513A849AC5}.Release|Any CPU.Build.0 = Release|Any CPU
		{C7B13E05-436B-D4F7-094F-85D8ACF926FD}.Debug|Any CPU.ActiveCfg = Debug|Any CPU
		{C7B13E05-436B-D4F7-094F-85D8ACF926FD}.Debug|Any CPU.Build.0 = Debug|Any CPU
		{C7B13E05-436B-D4F7-094F-85D8ACF926FD}.Release|Any CPU.ActiveCfg = Release|Any CPU
		{C7B13E05-436B-D4F7-094F-85D8ACF926FD}.Release|Any CPU.Build.0 = Release|Any CPU
	EndGlobalSection
	GlobalSection(SolutionProperties) = preSolution
		HideSolutionNode = FALSE
	EndGlobalSection
EndGlobal
